
Microsoft Visual Studio Solution File, Format Version 12.00
# Visual Studio Version 17
VisualStudioVersion = 17.4.33213.308
MinimumVisualStudioVersion = 10.0.40219.1
Project("{FAE04EC0-301F-11D3-BF4B-00C04F79EFBC}") = "FormATTT", "FormATTT\FormATTT.csproj", "{916F127F-FF08-4420-B253-FE5C4C759F59}"
EndProject
Global
	GlobalSection(SolutionConfigurationPlatforms) = preSolution
		Debug|Any CPU = Debug|Any CPU
		Release|Any CPU = Release|Any CPU
	EndGlobalSection
	GlobalSection(ProjectConfigurationPlatforms) = postSolution
		{916F127F-FF08-4420-B253-FE5C4C759F59}.Debug|Any CPU.ActiveCfg = Debug|Any CPU
		{916F127F-FF08-4420-B253-FE5C4C759F59}.Debug|Any CPU.Build.0 = Debug|Any CPU
		{916F127F-FF08-4420-B253-FE5C4C759F59}.Release|Any CPU.ActiveCfg = Release|Any CPU
		{916F127F-FF08-4420-B253-FE5C4C759F59}.Release|Any CPU.Build.0 = Release|Any CPU
	EndGlobalSection
	GlobalSection(SolutionProperties) = preSolution
		HideSolutionNode = FALSE
	EndGlobalSection
	GlobalSection(ExtensibilityGlobals) = postSolution
		SolutionGuid = {54028568-E536-408B-84A2-22CD6922E00F}
	EndGlobalSection
EndGlobal
